
Microsoft Visual Studio Solution File, Format Version 12.00
# Visual Studio Version 17
VisualStudioVersion = 17.5.002.0
MinimumVisualStudioVersion = 10.0.40219.1
Project("{9A19103F-16F7-4668-BE54-9A1E7A4F7556}") = "tl2-tp09-2023-MarceAbr", "tl2-tp09-2023-MarceAbr.csproj", "{26BFA6AB-C085-46B1-A62F-39B4DEA69EC0}"
EndProject
Global
	GlobalSection(SolutionConfigurationPlatforms) = preSolution
		Debug|Any CPU = Debug|Any CPU
		Release|Any CPU = Release|Any CPU
	EndGlobalSection
	GlobalSection(ProjectConfigurationPlatforms) = postSolution
		{26BFA6AB-C085-46B1-A62F-39B4DEA69EC0}.Debug|Any CPU.ActiveCfg = Debug|Any CPU
		{26BFA6AB-C085-46B1-A62F-39B4DEA69EC0}.Debug|Any CPU.Build.0 = Debug|Any CPU
		{26BFA6AB-C085-46B1-A62F-39B4DEA69EC0}.Release|Any CPU.ActiveCfg = Release|Any CPU
		{26BFA6AB-C085-46B1-A62F-39B4DEA69EC0}.Release|Any CPU.Build.0 = Release|Any CPU
	EndGlobalSection
	GlobalSection(SolutionProperties) = preSolution
		HideSolutionNode = FALSE
	EndGlobalSection
	GlobalSection(ExtensibilityGlobals) = postSolution
		SolutionGuid = {EE837FAE-0D52-4B6E-8EA7-CDB2BE86B7E8}
	EndGlobalSection
EndGlobal
